
Microsoft Visual Studio Solution File, Format Version 12.00
# Visual Studio Version 17
VisualStudioVersion = 17.14.36616.10 d17.14
MinimumVisualStudioVersion = 10.0.40219.1
Project("{FAE04EC0-301F-11D3-BF4B-00C04F79EFBC}") = "GeneticAlgorithm_A.I_work", "GeneticAlgorithm_A.I_work.csproj", "{40959D59-BDFD-4F21-A694-75F707707789}"
EndProject
Global
	GlobalSection(SolutionConfigurationPlatforms) = preSolution
		Debug|Any CPU = Debug|Any CPU
		Release|Any CPU = Release|Any CPU
	EndGlobalSection
	GlobalSection(ProjectConfigurationPlatforms) = postSolution
		{40959D59-BDFD-4F21-A694-75F707707789}.Debug|Any CPU.ActiveCfg = Debug|Any CPU
		{40959D59-BDFD-4F21-A694-75F707707789}.Debug|Any CPU.Build.0 = Debug|Any CPU
		{40959D59-BDFD-4F21-A694-75F707707789}.Release|Any CPU.ActiveCfg = Release|Any CPU
		{40959D59-BDFD-4F21-A694-75F707707789}.Release|Any CPU.Build.0 = Release|Any CPU
	EndGlobalSection
	GlobalSection(SolutionProperties) = preSolution
		HideSolutionNode = FALSE
	EndGlobalSection
	GlobalSection(ExtensibilityGlobals) = postSolution
		SolutionGuid = {E786D396-F3ED-43D8-AE25-CFB71E8AD42A}
	EndGlobalSection
EndGlobal
