
Microsoft Visual Studio Solution File, Format Version 12.00
# Visual Studio Version 17
VisualStudioVersion = 17.11.35312.102
MinimumVisualStudioVersion = 10.0.40219.1
Project("{FAE04EC0-301F-11D3-BF4B-00C04F79EFBC}") = "msi1", "msi1\msi1.csproj", "{43D9A9A4-73E4-4D80-9357-E704B5CFA387}"
EndProject
Global
	GlobalSection(SolutionConfigurationPlatforms) = preSolution
		Debug|Any CPU = Debug|Any CPU
		Release|Any CPU = Release|Any CPU
	EndGlobalSection
	GlobalSection(ProjectConfigurationPlatforms) = postSolution
		{43D9A9A4-73E4-4D80-9357-E704B5CFA387}.Debug|Any CPU.ActiveCfg = Debug|Any CPU
		{43D9A9A4-73E4-4D80-9357-E704B5CFA387}.Debug|Any CPU.Build.0 = Debug|Any CPU
		{43D9A9A4-73E4-4D80-9357-E704B5CFA387}.Release|Any CPU.ActiveCfg = Release|Any CPU
		{43D9A9A4-73E4-4D80-9357-E704B5CFA387}.Release|Any CPU.Build.0 = Release|Any CPU
	EndGlobalSection
	GlobalSection(SolutionProperties) = preSolution
		HideSolutionNode = FALSE
	EndGlobalSection
	GlobalSection(ExtensibilityGlobals) = postSolution
		SolutionGuid = {76A58A71-6516-48B2-8C5C-BA30D76B369F}
	EndGlobalSection
EndGlobal
